
Microsoft Visual Studio Solution File, Format Version 12.00
# Visual Studio 15
Project("{FAE04EC0-301F-11D3-BF4B-00C04F79EFBC}") = "Assembly-CSharp", "Assembly-CSharp.csproj", "{C9F6EAC2-A0C5-DC82-A507-DEFAB3D350E4}"
EndProject
Project("{FAE04EC0-301F-11D3-BF4B-00C04F79EFBC}") = "Assembly-CSharp-Editor", "Assembly-CSharp-Editor.csproj", "{B663CACC-4A63-0086-61AC-26CC7D06F998}"
EndProject
Global
	GlobalSection(SolutionConfigurationPlatforms) = preSolution
		Debug|Any CPU = Debug|Any CPU
		Release|Any CPU = Release|Any CPU
	EndGlobalSection
	GlobalSection(ProjectConfigurationPlatforms) = postSolution
		{C9F6EAC2-A0C5-DC82-A507-DEFAB3D350E4}.Debug|Any CPU.ActiveCfg = Debug|Any CPU
		{C9F6EAC2-A0C5-DC82-A507-DEFAB3D350E4}.Debug|Any CPU.Build.0 = Debug|Any CPU
		{C9F6EAC2-A0C5-DC82-A507-DEFAB3D350E4}.Release|Any CPU.ActiveCfg = Release|Any CPU
		{C9F6EAC2-A0C5-DC82-A507-DEFAB3D350E4}.Release|Any CPU.Build.0 = Release|Any CPU
		{B663CACC-4A63-0086-61AC-26CC7D06F998}.Debug|Any CPU.ActiveCfg = Debug|Any CPU
		{B663CACC-4A63-0086-61AC-26CC7D06F998}.Debug|Any CPU.Build.0 = Debug|Any CPU
		{B663CACC-4A63-0086-61AC-26CC7D06F998}.Release|Any CPU.ActiveCfg = Release|Any CPU
		{B663CACC-4A63-0086-61AC-26CC7D06F998}.Release|Any CPU.Build.0 = Release|Any CPU
	EndGlobalSection
	GlobalSection(SolutionProperties) = preSolution
		HideSolutionNode = FALSE
	EndGlobalSection
EndGlobal
