
Microsoft Visual Studio Solution File, Format Version 12.00
# Visual Studio 15
Project("{FAE04EC0-301F-11D3-BF4B-00C04F79EFBC}") = "Assembly-CSharp", "Assembly-CSharp.csproj", "{5642D2FB-5843-09EF-A7C4-065CC7B5C20A}"
EndProject
Project("{FAE04EC0-301F-11D3-BF4B-00C04F79EFBC}") = "Assembly-CSharp-Editor", "Assembly-CSharp-Editor.csproj", "{63D07F89-365A-5197-F73B-B7A991C9520D}"
EndProject
Global
	GlobalSection(SolutionConfigurationPlatforms) = preSolution
		Debug|Any CPU = Debug|Any CPU
		Release|Any CPU = Release|Any CPU
	EndGlobalSection
	GlobalSection(ProjectConfigurationPlatforms) = postSolution
		{5642D2FB-5843-09EF-A7C4-065CC7B5C20A}.Debug|Any CPU.ActiveCfg = Debug|Any CPU
		{5642D2FB-5843-09EF-A7C4-065CC7B5C20A}.Debug|Any CPU.Build.0 = Debug|Any CPU
		{5642D2FB-5843-09EF-A7C4-065CC7B5C20A}.Release|Any CPU.ActiveCfg = Release|Any CPU
		{5642D2FB-5843-09EF-A7C4-065CC7B5C20A}.Release|Any CPU.Build.0 = Release|Any CPU
		{63D07F89-365A-5197-F73B-B7A991C9520D}.Debug|Any CPU.ActiveCfg = Debug|Any CPU
		{63D07F89-365A-5197-F73B-B7A991C9520D}.Debug|Any CPU.Build.0 = Debug|Any CPU
		{63D07F89-365A-5197-F73B-B7A991C9520D}.Release|Any CPU.ActiveCfg = Release|Any CPU
		{63D07F89-365A-5197-F73B-B7A991C9520D}.Release|Any CPU.Build.0 = Release|Any CPU
	EndGlobalSection
	GlobalSection(SolutionProperties) = preSolution
		HideSolutionNode = FALSE
	EndGlobalSection
EndGlobal
